
Microsoft Visual Studio Solution File, Format Version 12.00
# Visual Studio Version 16
VisualStudioVersion = 16.0.30503.244
MinimumVisualStudioVersion = 10.0.40219.1
Project("{FAE04EC0-301F-11D3-BF4B-00C04F79EFBC}") = "wtf", "wtf\wtf.csproj", "{53911FAC-4375-4BC1-ACA3-D409E75EECBD}"
EndProject
Global
	GlobalSection(SolutionConfigurationPlatforms) = preSolution
		Debug|Any CPU = Debug|Any CPU
		Debug|x64 = Debug|x64
		Debug|x86 = Debug|x86
		Release|Any CPU = Release|Any CPU
		Release|x64 = Release|x64
		Release|x86 = Release|x86
	EndGlobalSection
	GlobalSection(ProjectConfigurationPlatforms) = postSolution
		{53911FAC-4375-4BC1-ACA3-D409E75EECBD}.Debug|Any CPU.ActiveCfg = Debug|Any CPU
		{53911FAC-4375-4BC1-ACA3-D409E75EECBD}.Debug|Any CPU.Build.0 = Debug|Any CPU
		{53911FAC-4375-4BC1-ACA3-D409E75EECBD}.Debug|x64.ActiveCfg = Debug|x64
		{53911FAC-4375-4BC1-ACA3-D409E75EECBD}.Debug|x64.Build.0 = Debug|x64
		{53911FAC-4375-4BC1-ACA3-D409E75EECBD}.Debug|x86.ActiveCfg = Debug|x86
		{53911FAC-4375-4BC1-ACA3-D409E75EECBD}.Debug|x86.Build.0 = Debug|x86
		{53911FAC-4375-4BC1-ACA3-D409E75EECBD}.Release|Any CPU.ActiveCfg = Release|Any CPU
		{53911FAC-4375-4BC1-ACA3-D409E75EECBD}.Release|Any CPU.Build.0 = Release|Any CPU
		{53911FAC-4375-4BC1-ACA3-D409E75EECBD}.Release|x64.ActiveCfg = Release|x64
		{53911FAC-4375-4BC1-ACA3-D409E75EECBD}.Release|x64.Build.0 = Release|x64
		{53911FAC-4375-4BC1-ACA3-D409E75EECBD}.Release|x86.ActiveCfg = Release|x86
		{53911FAC-4375-4BC1-ACA3-D409E75EECBD}.Release|x86.Build.0 = Release|x86
	EndGlobalSection
	GlobalSection(SolutionProperties) = preSolution
		HideSolutionNode = FALSE
	EndGlobalSection
	GlobalSection(ExtensibilityGlobals) = postSolution
		SolutionGuid = {9F57108B-4F3F-4142-9A6F-D18470D04C34}
	EndGlobalSection
EndGlobal
