
Microsoft Visual Studio Solution File, Format Version 12.00
# Visual Studio Version 16
VisualStudioVersion = 16.0.30503.244
MinimumVisualStudioVersion = 10.0.40219.1
Project("{FAE04EC0-301F-11D3-BF4B-00C04F79EFBC}") = "Model63200ESeries", "Model63200ESeries\Model63200ESeries.csproj", "{0E38440A-A6F6-4BB2-98C9-93169D9B6A6E}"
EndProject
Global
	GlobalSection(SolutionConfigurationPlatforms) = preSolution
		Debug|Any CPU = Debug|Any CPU
		Debug|x64 = Debug|x64
		Release|Any CPU = Release|Any CPU
		Release|x64 = Release|x64
	EndGlobalSection
	GlobalSection(ProjectConfigurationPlatforms) = postSolution
		{0E38440A-A6F6-4BB2-98C9-93169D9B6A6E}.Debug|Any CPU.ActiveCfg = Debug|Any CPU
		{0E38440A-A6F6-4BB2-98C9-93169D9B6A6E}.Debug|Any CPU.Build.0 = Debug|Any CPU
		{0E38440A-A6F6-4BB2-98C9-93169D9B6A6E}.Debug|x64.ActiveCfg = Debug|x64
		{0E38440A-A6F6-4BB2-98C9-93169D9B6A6E}.Debug|x64.Build.0 = Debug|x64
		{0E38440A-A6F6-4BB2-98C9-93169D9B6A6E}.Release|Any CPU.ActiveCfg = Release|Any CPU
		{0E38440A-A6F6-4BB2-98C9-93169D9B6A6E}.Release|Any CPU.Build.0 = Release|Any CPU
		{0E38440A-A6F6-4BB2-98C9-93169D9B6A6E}.Release|x64.ActiveCfg = Release|x64
		{0E38440A-A6F6-4BB2-98C9-93169D9B6A6E}.Release|x64.Build.0 = Release|x64
	EndGlobalSection
	GlobalSection(SolutionProperties) = preSolution
		HideSolutionNode = FALSE
	EndGlobalSection
	GlobalSection(ExtensibilityGlobals) = postSolution
		SolutionGuid = {5D35466A-1100-4071-AF53-5761782C1D53}
	EndGlobalSection
EndGlobal
